github.com/ebitengine/purego v0.10.1 h1:dewVBCBT2GaMu1SrNTYxQhgQBethzfhiwvZiLGP/qyY=
github.com/ebitengine/purego v0.10.1/go.mod h1:iIjxzd6CiRiOG0UyXP+V1+jWqUXVjPKLAI0mRfJZTmQ=
github.com/yfedoseev/pdf_oxide/go v0.3.63 h1:6qlNQdaiGBGlo70je1fApQcCjeKg6AVUSUo+URCLl/s=
github.com/yfedoseev/pdf_oxide/go v0.3.63/go.mod h1:QbJ/nLbez0al2EnqEdEPIlGflFprWmiuUM4mo9rNNOI=
